<?xml version="1.0" encoding="UTF-8"?>
<Project ToolsVersion="14.0" xmlns="http://schemas.microsoft.com/developer/msbuild/2003">
  <ItemGroup>
    <CustomBuild Include="C:\src\latino-llvm\include\latino\Basic\CMakeLists.txt" />
    <CustomBuild Include="C:\src\latino-llvm\msvc\CMakeFiles\684e41cbcfeb1662a030be732234a1b1\DiagnosticSerializationKinds.inc.tmp.rule">
      <Filter>CMake Rules</Filter>
    </CustomBuild>
    <CustomBuild Include="C:\src\latino-llvm\msvc\CMakeFiles\684e41cbcfeb1662a030be732234a1b1\DiagnosticSerializationKinds.inc.rule">
      <Filter>CMake Rules</Filter>
    </CustomBuild>
    <CustomBuild Include="C:\src\latino-llvm\msvc\CMakeFiles\e8989fc0cae9858496b33865c21749d5\ClangDiagnosticSerialization.rule">
      <Filter>CMake Rules</Filter>
    </CustomBuild>
  </ItemGroup>
  <ItemGroup>
    <None Include="C:\src\latino-llvm\msvc\include\latino\Basic\CMakeFiles\ClangDiagnosticSerialization" />
  </ItemGroup>
  <ItemGroup>
    <Filter Include="CMake Rules">
      <UniqueIdentifier>{A45083C7-586A-3BB0-958A-8E6774C4C910}</UniqueIdentifier>
    </Filter>
  </ItemGroup>
</Project>
