<?xml version="1.0" encoding="UTF-8"?>
<Project ToolsVersion="14.0" xmlns="http://schemas.microsoft.com/developer/msbuild/2003">
  <ItemGroup>
    <ClCompile Include="C:\src\latino-llvm\lib\Basic\CharInfo.cpp">
      <Filter>Source Files</Filter>
    </ClCompile>
    <ClCompile Include="C:\src\latino-llvm\lib\Basic\Diagnostic.cpp">
      <Filter>Source Files</Filter>
    </ClCompile>
    <ClCompile Include="C:\src\latino-llvm\lib\Basic\DiagnosticIDs.cpp">
      <Filter>Source Files</Filter>
    </ClCompile>
    <ClCompile Include="C:\src\latino-llvm\lib\Basic\DiagnosticOptions.cpp">
      <Filter>Source Files</Filter>
    </ClCompile>
    <ClCompile Include="C:\src\latino-llvm\lib\Basic\FileManager.cpp">
      <Filter>Source Files</Filter>
    </ClCompile>
    <ClCompile Include="C:\src\latino-llvm\lib\Basic\FileSystemStatCache.cpp">
      <Filter>Source Files</Filter>
    </ClCompile>
    <ClCompile Include="C:\src\latino-llvm\lib\Basic\IdentifierTable.cpp">
      <Filter>Source Files</Filter>
    </ClCompile>
    <ClCompile Include="C:\src\latino-llvm\lib\Basic\SourceLocation.cpp">
      <Filter>Source Files</Filter>
    </ClCompile>
    <ClCompile Include="C:\src\latino-llvm\lib\Basic\SourceManager.cpp">
      <Filter>Source Files</Filter>
    </ClCompile>
    <ClCompile Include="C:\src\latino-llvm\lib\Basic\LangOptions.cpp">
      <Filter>Source Files</Filter>
    </ClCompile>
    <ClCompile Include="C:\src\latino-llvm\lib\Basic\MemoryBufferCache.cpp">
      <Filter>Source Files</Filter>
    </ClCompile>
    <ClCompile Include="C:\src\latino-llvm\lib\Basic\TokenKinds.cpp">
      <Filter>Source Files</Filter>
    </ClCompile>
    <ClCompile Include="C:\src\latino-llvm\lib\Basic\VirtualFileSystem.cpp">
      <Filter>Source Files</Filter>
    </ClCompile>
  </ItemGroup>
  <ItemGroup>
    <ClInclude Include="C:\src\latino-llvm\include\latino\Basic\AllDiagnostics.h">
      <Filter>Header Files</Filter>
    </ClInclude>
    <ClInclude Include="C:\src\latino-llvm\include\latino\Basic\CharInfo.h">
      <Filter>Header Files</Filter>
    </ClInclude>
    <ClInclude Include="C:\src\latino-llvm\include\latino\Basic\CommentOptions.h">
      <Filter>Header Files</Filter>
    </ClInclude>
    <ClInclude Include="C:\src\latino-llvm\include\latino\Basic\Diagnostic.h">
      <Filter>Header Files</Filter>
    </ClInclude>
    <ClInclude Include="C:\src\latino-llvm\include\latino\Basic\DiagnosticCategories.h">
      <Filter>Header Files</Filter>
    </ClInclude>
    <ClInclude Include="C:\src\latino-llvm\include\latino\Basic\DiagnosticError.h">
      <Filter>Header Files</Filter>
    </ClInclude>
    <ClInclude Include="C:\src\latino-llvm\include\latino\Basic\DiagnosticIDs.h">
      <Filter>Header Files</Filter>
    </ClInclude>
    <ClInclude Include="C:\src\latino-llvm\include\latino\Basic\DiagnosticOptions.h">
      <Filter>Header Files</Filter>
    </ClInclude>
    <ClInclude Include="C:\src\latino-llvm\include\latino\Basic\FileManager.h">
      <Filter>Header Files</Filter>
    </ClInclude>
    <ClInclude Include="C:\src\latino-llvm\include\latino\Basic\FileSystemOptions.h">
      <Filter>Header Files</Filter>
    </ClInclude>
    <ClInclude Include="C:\src\latino-llvm\include\latino\Basic\FileSystemStatCache.h">
      <Filter>Header Files</Filter>
    </ClInclude>
    <ClInclude Include="C:\src\latino-llvm\include\latino\Basic\IdentifierTable.h">
      <Filter>Header Files</Filter>
    </ClInclude>
    <ClInclude Include="C:\src\latino-llvm\include\latino\Basic\LLVM.h">
      <Filter>Header Files</Filter>
    </ClInclude>
    <ClInclude Include="C:\src\latino-llvm\include\latino\Basic\LangOptions.h">
      <Filter>Header Files</Filter>
    </ClInclude>
    <ClInclude Include="C:\src\latino-llvm\include\latino\Basic\MemoryBufferCache.h">
      <Filter>Header Files</Filter>
    </ClInclude>
    <ClInclude Include="C:\src\latino-llvm\include\latino\Basic\OperatorKinds.h">
      <Filter>Header Files</Filter>
    </ClInclude>
    <ClInclude Include="C:\src\latino-llvm\include\latino\Basic\PartialDiagnostic.h">
      <Filter>Header Files</Filter>
    </ClInclude>
    <ClInclude Include="C:\src\latino-llvm\include\latino\Basic\PrettyStackTrace.h">
      <Filter>Header Files</Filter>
    </ClInclude>
    <ClInclude Include="C:\src\latino-llvm\include\latino\Basic\SourceLocation.h">
      <Filter>Header Files</Filter>
    </ClInclude>
    <ClInclude Include="C:\src\latino-llvm\include\latino\Basic\SourceManager.h">
      <Filter>Header Files</Filter>
    </ClInclude>
    <ClInclude Include="C:\src\latino-llvm\include\latino\Basic\SourceManagerInternals.h">
      <Filter>Header Files</Filter>
    </ClInclude>
    <ClInclude Include="C:\src\latino-llvm\include\latino\Basic\Specifiers.h">
      <Filter>Header Files</Filter>
    </ClInclude>
    <ClInclude Include="C:\src\latino-llvm\include\latino\Basic\TargetInfo.h">
      <Filter>Header Files</Filter>
    </ClInclude>
    <ClInclude Include="C:\src\latino-llvm\include\latino\Basic\TargetOptions.h">
      <Filter>Header Files</Filter>
    </ClInclude>
    <ClInclude Include="C:\src\latino-llvm\include\latino\Basic\TokenKinds.h">
      <Filter>Header Files</Filter>
    </ClInclude>
    <ClInclude Include="C:\src\latino-llvm\include\latino\Basic\VirtualFileSystem.h">
      <Filter>Header Files</Filter>
    </ClInclude>
    <ClInclude Include="C:\src\latino-llvm\include\latino\Basic\Visibility.h">
      <Filter>Header Files</Filter>
    </ClInclude>
    <ClInclude Include="C:\src\latino-llvm\include\latino\Basic\DiagnosticOptions.def">
      <Filter>Source Files</Filter>
    </ClInclude>
    <ClInclude Include="C:\src\latino-llvm\include\latino\Basic\LangOptions.def">
      <Filter>Source Files</Filter>
    </ClInclude>
    <ClInclude Include="C:\src\latino-llvm\include\latino\Basic\OperatorKinds.def">
      <Filter>Source Files</Filter>
    </ClInclude>
    <ClInclude Include="C:\src\latino-llvm\include\latino\Basic\TokenKinds.def">
      <Filter>Source Files</Filter>
    </ClInclude>
    <ClInclude Include="C:\src\latino-llvm\include\latino\Basic\Attr.td">
      <Filter>TableGen descriptions</Filter>
    </ClInclude>
    <ClInclude Include="C:\src\latino-llvm\include\latino\Basic\Diagnostic.td">
      <Filter>TableGen descriptions</Filter>
    </ClInclude>
    <ClInclude Include="C:\src\latino-llvm\include\latino\Basic\DiagnosticCategories.td">
      <Filter>TableGen descriptions</Filter>
    </ClInclude>
    <ClInclude Include="C:\src\latino-llvm\include\latino\Basic\DiagnosticCommonKinds.td">
      <Filter>TableGen descriptions</Filter>
    </ClInclude>
    <ClInclude Include="C:\src\latino-llvm\include\latino\Basic\DiagnosticDocs.td">
      <Filter>TableGen descriptions</Filter>
    </ClInclude>
    <ClInclude Include="C:\src\latino-llvm\include\latino\Basic\DiagnosticGroups.td">
      <Filter>TableGen descriptions</Filter>
    </ClInclude>
    <ClInclude Include="C:\src\latino-llvm\include\latino\Basic\DiagnosticRefactoringKinds.td">
      <Filter>TableGen descriptions</Filter>
    </ClInclude>
    <ClInclude Include="C:\src\latino-llvm\include\latino\Basic\DiagnosticSemaKinds.td">
      <Filter>TableGen descriptions</Filter>
    </ClInclude>
    <ClInclude Include="C:\src\latino-llvm\include\latino\Basic\DiagnosticSerializationKinds.td">
      <Filter>TableGen descriptions</Filter>
    </ClInclude>
  </ItemGroup>
  <ItemGroup>
    <CustomBuild Include="C:\src\latino-llvm\lib\Basic\CMakeLists.txt" />
  </ItemGroup>
  <ItemGroup>
    <Filter Include="Source Files">
      <UniqueIdentifier>{408DD3F4-9F5D-305B-B578-B69C6F15F3A3}</UniqueIdentifier>
    </Filter>
    <Filter Include="Header Files">
      <UniqueIdentifier>{1FD37175-F934-39FB-94B1-88B9D408EAC3}</UniqueIdentifier>
    </Filter>
    <Filter Include="TableGen descriptions">
      <UniqueIdentifier>{32043809-B4BA-3CF6-98AE-6AAF2A15FB08}</UniqueIdentifier>
    </Filter>
  </ItemGroup>
</Project>
