Microsoft Visual Studio Solution File, Format Version 12.00
# Visual Studio 14
Project("{8BC9CEB8-8B4A-11D0-8D11-00A0C91BC942}") = "ALL_BUILD", "ALL_BUILD.vcxproj", "{E1254148-6E38-3AB1-B0E4-5B8E190D4053}"
	ProjectSection(ProjectDependencies) = postProject
		{AA8AE998-D4A8-3943-BD2E-08BC33631FA8} = {AA8AE998-D4A8-3943-BD2E-08BC33631FA8}
		{144B0A37-8EF0-3CBB-ABD1-2220909F9268} = {144B0A37-8EF0-3CBB-ABD1-2220909F9268}
		{FDAFDF84-E29F-31B8-894E-612876611175} = {FDAFDF84-E29F-31B8-894E-612876611175}
		{DCB5B474-0332-3717-AA24-0E69E11C29CF} = {DCB5B474-0332-3717-AA24-0E69E11C29CF}
	EndProjectSection
EndProject
Project("{8BC9CEB8-8B4A-11D0-8D11-00A0C91BC942}") = "BasicTests", "unittests\Basic\BasicTests.vcxproj", "{AA8AE998-D4A8-3943-BD2E-08BC33631FA8}"
	ProjectSection(ProjectDependencies) = postProject
		{144B0A37-8EF0-3CBB-ABD1-2220909F9268} = {144B0A37-8EF0-3CBB-ABD1-2220909F9268}
		{DCB5B474-0332-3717-AA24-0E69E11C29CF} = {DCB5B474-0332-3717-AA24-0E69E11C29CF}
	EndProjectSection
EndProject
Project("{8BC9CEB8-8B4A-11D0-8D11-00A0C91BC942}") = "INSTALL", "INSTALL.vcxproj", "{98415B2A-6F28-30C8-8775-4AD63A37E264}"
	ProjectSection(ProjectDependencies) = postProject
		{E1254148-6E38-3AB1-B0E4-5B8E190D4053} = {E1254148-6E38-3AB1-B0E4-5B8E190D4053}
		{144B0A37-8EF0-3CBB-ABD1-2220909F9268} = {144B0A37-8EF0-3CBB-ABD1-2220909F9268}
	EndProjectSection
EndProject
Project("{8BC9CEB8-8B4A-11D0-8D11-00A0C91BC942}") = "LatinoUnitTests", "unittests\LatinoUnitTests.vcxproj", "{27B15BEF-542A-31BF-9616-69CAFD726D3F}"
	ProjectSection(ProjectDependencies) = postProject
		{AA8AE998-D4A8-3943-BD2E-08BC33631FA8} = {AA8AE998-D4A8-3943-BD2E-08BC33631FA8}
		{144B0A37-8EF0-3CBB-ABD1-2220909F9268} = {144B0A37-8EF0-3CBB-ABD1-2220909F9268}
	EndProjectSection
EndProject
Project("{8BC9CEB8-8B4A-11D0-8D11-00A0C91BC942}") = "RUN_TESTS", "RUN_TESTS.vcxproj", "{06D8E3E5-2AAB-376B-AE06-16D151EAA786}"
	ProjectSection(ProjectDependencies) = postProject
		{144B0A37-8EF0-3CBB-ABD1-2220909F9268} = {144B0A37-8EF0-3CBB-ABD1-2220909F9268}
	EndProjectSection
EndProject
Project("{8BC9CEB8-8B4A-11D0-8D11-00A0C91BC942}") = "ZERO_CHECK", "ZERO_CHECK.vcxproj", "{144B0A37-8EF0-3CBB-ABD1-2220909F9268}"
	ProjectSection(ProjectDependencies) = postProject
	EndProjectSection
EndProject
Project("{8BC9CEB8-8B4A-11D0-8D11-00A0C91BC942}") = "intrinsics_gen", "intrinsics_gen.vcxproj", "{8AD6F2BE-6350-3811-8EF4-99536A0D4A94}"
	ProjectSection(ProjectDependencies) = postProject
		{144B0A37-8EF0-3CBB-ABD1-2220909F9268} = {144B0A37-8EF0-3CBB-ABD1-2220909F9268}
	EndProjectSection
EndProject
Project("{8BC9CEB8-8B4A-11D0-8D11-00A0C91BC942}") = "latino", "tools\driver\latino.vcxproj", "{FDAFDF84-E29F-31B8-894E-612876611175}"
	ProjectSection(ProjectDependencies) = postProject
		{144B0A37-8EF0-3CBB-ABD1-2220909F9268} = {144B0A37-8EF0-3CBB-ABD1-2220909F9268}
		{DCB5B474-0332-3717-AA24-0E69E11C29CF} = {DCB5B474-0332-3717-AA24-0E69E11C29CF}
	EndProjectSection
EndProject
Project("{8BC9CEB8-8B4A-11D0-8D11-00A0C91BC942}") = "latinoBasic", "lib\Basic\latinoBasic.vcxproj", "{DCB5B474-0332-3717-AA24-0E69E11C29CF}"
	ProjectSection(ProjectDependencies) = postProject
		{144B0A37-8EF0-3CBB-ABD1-2220909F9268} = {144B0A37-8EF0-3CBB-ABD1-2220909F9268}
	EndProjectSection
EndProject
Global
	GlobalSection(SolutionConfigurationPlatforms) = preSolution
		Debug|Win32 = Debug|Win32
		Release|Win32 = Release|Win32
		MinSizeRel|Win32 = MinSizeRel|Win32
		RelWithDebInfo|Win32 = RelWithDebInfo|Win32
	EndGlobalSection
	GlobalSection(ProjectConfigurationPlatforms) = postSolution
		{E1254148-6E38-3AB1-B0E4-5B8E190D4053}.Debug|Win32.ActiveCfg = Debug|Win32
		{E1254148-6E38-3AB1-B0E4-5B8E190D4053}.Debug|Win32.Build.0 = Debug|Win32
		{E1254148-6E38-3AB1-B0E4-5B8E190D4053}.Release|Win32.ActiveCfg = Release|Win32
		{E1254148-6E38-3AB1-B0E4-5B8E190D4053}.Release|Win32.Build.0 = Release|Win32
		{E1254148-6E38-3AB1-B0E4-5B8E190D4053}.MinSizeRel|Win32.ActiveCfg = MinSizeRel|Win32
		{E1254148-6E38-3AB1-B0E4-5B8E190D4053}.MinSizeRel|Win32.Build.0 = MinSizeRel|Win32
		{E1254148-6E38-3AB1-B0E4-5B8E190D4053}.RelWithDebInfo|Win32.ActiveCfg = RelWithDebInfo|Win32
		{E1254148-6E38-3AB1-B0E4-5B8E190D4053}.RelWithDebInfo|Win32.Build.0 = RelWithDebInfo|Win32
		{AA8AE998-D4A8-3943-BD2E-08BC33631FA8}.Debug|Win32.ActiveCfg = Debug|Win32
		{AA8AE998-D4A8-3943-BD2E-08BC33631FA8}.Debug|Win32.Build.0 = Debug|Win32
		{AA8AE998-D4A8-3943-BD2E-08BC33631FA8}.Release|Win32.ActiveCfg = Release|Win32
		{AA8AE998-D4A8-3943-BD2E-08BC33631FA8}.Release|Win32.Build.0 = Release|Win32
		{AA8AE998-D4A8-3943-BD2E-08BC33631FA8}.MinSizeRel|Win32.ActiveCfg = MinSizeRel|Win32
		{AA8AE998-D4A8-3943-BD2E-08BC33631FA8}.MinSizeRel|Win32.Build.0 = MinSizeRel|Win32
		{AA8AE998-D4A8-3943-BD2E-08BC33631FA8}.RelWithDebInfo|Win32.ActiveCfg = RelWithDebInfo|Win32
		{AA8AE998-D4A8-3943-BD2E-08BC33631FA8}.RelWithDebInfo|Win32.Build.0 = RelWithDebInfo|Win32
		{98415B2A-6F28-30C8-8775-4AD63A37E264}.Debug|Win32.ActiveCfg = Debug|Win32
		{98415B2A-6F28-30C8-8775-4AD63A37E264}.Release|Win32.ActiveCfg = Release|Win32
		{98415B2A-6F28-30C8-8775-4AD63A37E264}.MinSizeRel|Win32.ActiveCfg = MinSizeRel|Win32
		{98415B2A-6F28-30C8-8775-4AD63A37E264}.RelWithDebInfo|Win32.ActiveCfg = RelWithDebInfo|Win32
		{27B15BEF-542A-31BF-9616-69CAFD726D3F}.Debug|Win32.ActiveCfg = Debug|Win32
		{27B15BEF-542A-31BF-9616-69CAFD726D3F}.Release|Win32.ActiveCfg = Release|Win32
		{27B15BEF-542A-31BF-9616-69CAFD726D3F}.MinSizeRel|Win32.ActiveCfg = MinSizeRel|Win32
		{27B15BEF-542A-31BF-9616-69CAFD726D3F}.RelWithDebInfo|Win32.ActiveCfg = RelWithDebInfo|Win32
		{06D8E3E5-2AAB-376B-AE06-16D151EAA786}.Debug|Win32.ActiveCfg = Debug|Win32
		{06D8E3E5-2AAB-376B-AE06-16D151EAA786}.Release|Win32.ActiveCfg = Release|Win32
		{06D8E3E5-2AAB-376B-AE06-16D151EAA786}.MinSizeRel|Win32.ActiveCfg = MinSizeRel|Win32
		{06D8E3E5-2AAB-376B-AE06-16D151EAA786}.RelWithDebInfo|Win32.ActiveCfg = RelWithDebInfo|Win32
		{144B0A37-8EF0-3CBB-ABD1-2220909F9268}.Debug|Win32.ActiveCfg = Debug|Win32
		{144B0A37-8EF0-3CBB-ABD1-2220909F9268}.Debug|Win32.Build.0 = Debug|Win32
		{144B0A37-8EF0-3CBB-ABD1-2220909F9268}.Release|Win32.ActiveCfg = Release|Win32
		{144B0A37-8EF0-3CBB-ABD1-2220909F9268}.Release|Win32.Build.0 = Release|Win32
		{144B0A37-8EF0-3CBB-ABD1-2220909F9268}.MinSizeRel|Win32.ActiveCfg = MinSizeRel|Win32
		{144B0A37-8EF0-3CBB-ABD1-2220909F9268}.MinSizeRel|Win32.Build.0 = MinSizeRel|Win32
		{144B0A37-8EF0-3CBB-ABD1-2220909F9268}.RelWithDebInfo|Win32.ActiveCfg = RelWithDebInfo|Win32
		{144B0A37-8EF0-3CBB-ABD1-2220909F9268}.RelWithDebInfo|Win32.Build.0 = RelWithDebInfo|Win32
		{8AD6F2BE-6350-3811-8EF4-99536A0D4A94}.Debug|Win32.ActiveCfg = Debug|Win32
		{8AD6F2BE-6350-3811-8EF4-99536A0D4A94}.Release|Win32.ActiveCfg = Release|Win32
		{8AD6F2BE-6350-3811-8EF4-99536A0D4A94}.MinSizeRel|Win32.ActiveCfg = MinSizeRel|Win32
		{8AD6F2BE-6350-3811-8EF4-99536A0D4A94}.RelWithDebInfo|Win32.ActiveCfg = RelWithDebInfo|Win32
		{FDAFDF84-E29F-31B8-894E-612876611175}.Debug|Win32.ActiveCfg = Debug|Win32
		{FDAFDF84-E29F-31B8-894E-612876611175}.Debug|Win32.Build.0 = Debug|Win32
		{FDAFDF84-E29F-31B8-894E-612876611175}.Release|Win32.ActiveCfg = Release|Win32
		{FDAFDF84-E29F-31B8-894E-612876611175}.Release|Win32.Build.0 = Release|Win32
		{FDAFDF84-E29F-31B8-894E-612876611175}.MinSizeRel|Win32.ActiveCfg = MinSizeRel|Win32
		{FDAFDF84-E29F-31B8-894E-612876611175}.MinSizeRel|Win32.Build.0 = MinSizeRel|Win32
		{FDAFDF84-E29F-31B8-894E-612876611175}.RelWithDebInfo|Win32.ActiveCfg = RelWithDebInfo|Win32
		{FDAFDF84-E29F-31B8-894E-612876611175}.RelWithDebInfo|Win32.Build.0 = RelWithDebInfo|Win32
		{DCB5B474-0332-3717-AA24-0E69E11C29CF}.Debug|Win32.ActiveCfg = Debug|Win32
		{DCB5B474-0332-3717-AA24-0E69E11C29CF}.Debug|Win32.Build.0 = Debug|Win32
		{DCB5B474-0332-3717-AA24-0E69E11C29CF}.Release|Win32.ActiveCfg = Release|Win32
		{DCB5B474-0332-3717-AA24-0E69E11C29CF}.Release|Win32.Build.0 = Release|Win32
		{DCB5B474-0332-3717-AA24-0E69E11C29CF}.MinSizeRel|Win32.ActiveCfg = MinSizeRel|Win32
		{DCB5B474-0332-3717-AA24-0E69E11C29CF}.MinSizeRel|Win32.Build.0 = MinSizeRel|Win32
		{DCB5B474-0332-3717-AA24-0E69E11C29CF}.RelWithDebInfo|Win32.ActiveCfg = RelWithDebInfo|Win32
		{DCB5B474-0332-3717-AA24-0E69E11C29CF}.RelWithDebInfo|Win32.Build.0 = RelWithDebInfo|Win32
	EndGlobalSection
	GlobalSection(ExtensibilityGlobals) = postSolution
	EndGlobalSection
	GlobalSection(ExtensibilityAddIns) = postSolution
	EndGlobalSection
EndGlobal
